
Microsoft Visual Studio Solution File, Format Version 12.00
# Visual Studio Version 17
VisualStudioVersion = 17.14.37203.1 d17.14
MinimumVisualStudioVersion = 10.0.40219.1
Project("{FAE04EC0-301F-11D3-BF4B-00C04F79EFBC}") = "novella", "novella\novella.csproj", "{40858708-ED47-4FF6-8AC1-CB1BDD39E997}"
EndProject
Global
	GlobalSection(SolutionConfigurationPlatforms) = preSolution
		Debug|Any CPU = Debug|Any CPU
		Release|Any CPU = Release|Any CPU
	EndGlobalSection
	GlobalSection(ProjectConfigurationPlatforms) = postSolution
		{40858708-ED47-4FF6-8AC1-CB1BDD39E997}.Debug|Any CPU.ActiveCfg = Debug|Any CPU
		{40858708-ED47-4FF6-8AC1-CB1BDD39E997}.Debug|Any CPU.Build.0 = Debug|Any CPU
		{40858708-ED47-4FF6-8AC1-CB1BDD39E997}.Release|Any CPU.ActiveCfg = Release|Any CPU
		{40858708-ED47-4FF6-8AC1-CB1BDD39E997}.Release|Any CPU.Build.0 = Release|Any CPU
	EndGlobalSection
	GlobalSection(SolutionProperties) = preSolution
		HideSolutionNode = FALSE
	EndGlobalSection
	GlobalSection(ExtensibilityGlobals) = postSolution
		SolutionGuid = {E05400B2-55D3-4632-A942-F527E032BF51}
	EndGlobalSection
EndGlobal
